
Microsoft Visual Studio Solution File, Format Version 12.00
# Visual Studio Version 17
VisualStudioVersion = 17.14.36616.10 d17.14
MinimumVisualStudioVersion = 10.0.40219.1
Project("{2150E333-8FDC-42A3-9474-1A3956D46DE8}") = "src", "src", "{02EA681E-C7D8-13C7-8484-4AC65E1B71E8}"
EndProject
Project("{2150E333-8FDC-42A3-9474-1A3956D46DE8}") = "Core", "Core", "{3DC8A488-85EF-47AE-9EAE-94F6A5C4F5AD}"
EndProject
Project("{2150E333-8FDC-42A3-9474-1A3956D46DE8}") = "Infrastructure", "Infrastructure", "{7A972DC4-4646-4574-93AE-340334F2818F}"
EndProject
Project("{2150E333-8FDC-42A3-9474-1A3956D46DE8}") = "Presentation", "Presentation", "{10F9777C-D964-45A7-AF23-00B5EE26DF32}"
EndProject
Project("{FAE04EC0-301F-11D3-BF4B-00C04F79EFBC}") = "OnionPronia.Domain", "src\Core\OnionPronia.Domain\OnionPronia.Domain.csproj", "{93820CE8-EA69-4987-A518-94860A29EF1D}"
EndProject
Project("{FAE04EC0-301F-11D3-BF4B-00C04F79EFBC}") = "OnionPronia.Application", "src\Core\OnionPronia.Application\OnionPronia.Application.csproj", "{1D7F3022-7D36-4896-9E36-D581D9488D10}"
EndProject
Project("{FAE04EC0-301F-11D3-BF4B-00C04F79EFBC}") = "OnionPronia.Persistence", "src\Infrastructure\OnionPronia.Persistence\OnionPronia.Persistence.csproj", "{2B9499A2-B754-46DA-A05A-0A6778ED0872}"
EndProject
Project("{FAE04EC0-301F-11D3-BF4B-00C04F79EFBC}") = "OnionPronia.Infrastructure", "src\Infrastructure\OnionPronia.Infrastructure\OnionPronia.Infrastructure.csproj", "{AFC51FCA-FFD9-4213-9D50-FD19D667C1E5}"
EndProject
Project("{FAE04EC0-301F-11D3-BF4B-00C04F79EFBC}") = "OnionProniaAPI", "Presentation\OnionProniaAPI\OnionProniaAPI.csproj", "{32F55E05-8C27-4AA8-9378-D2C3BB356871}"
EndProject
Global
	GlobalSection(SolutionConfigurationPlatforms) = preSolution
		Debug|Any CPU = Debug|Any CPU
		Release|Any CPU = Release|Any CPU
	EndGlobalSection
	GlobalSection(ProjectConfigurationPlatforms) = postSolution
		{93820CE8-EA69-4987-A518-94860A29EF1D}.Debug|Any CPU.ActiveCfg = Debug|Any CPU
		{93820CE8-EA69-4987-A518-94860A29EF1D}.Debug|Any CPU.Build.0 = Debug|Any CPU
		{93820CE8-EA69-4987-A518-94860A29EF1D}.Release|Any CPU.ActiveCfg = Release|Any CPU
		{93820CE8-EA69-4987-A518-94860A29EF1D}.Release|Any CPU.Build.0 = Release|Any CPU
		{1D7F3022-7D36-4896-9E36-D581D9488D10}.Debug|Any CPU.ActiveCfg = Debug|Any CPU
		{1D7F3022-7D36-4896-9E36-D581D9488D10}.Debug|Any CPU.Build.0 = Debug|Any CPU
		{1D7F3022-7D36-4896-9E36-D581D9488D10}.Release|Any CPU.ActiveCfg = Release|Any CPU
		{1D7F3022-7D36-4896-9E36-D581D9488D10}.Release|Any CPU.Build.0 = Release|Any CPU
		{2B9499A2-B754-46DA-A05A-0A6778ED0872}.Debug|Any CPU.ActiveCfg = Debug|Any CPU
		{2B9499A2-B754-46DA-A05A-0A6778ED0872}.Debug|Any CPU.Build.0 = Debug|Any CPU
		{2B9499A2-B754-46DA-A05A-0A6778ED0872}.Release|Any CPU.ActiveCfg = Release|Any CPU
		{2B9499A2-B754-46DA-A05A-0A6778ED0872}.Release|Any CPU.Build.0 = Release|Any CPU
		{AFC51FCA-FFD9-4213-9D50-FD19D667C1E5}.Debug|Any CPU.ActiveCfg = Debug|Any CPU
		{AFC51FCA-FFD9-4213-9D50-FD19D667C1E5}.Debug|Any CPU.Build.0 = Debug|Any CPU
		{AFC51FCA-FFD9-4213-9D50-FD19D667C1E5}.Release|Any CPU.ActiveCfg = Release|Any CPU
		{AFC51FCA-FFD9-4213-9D50-FD19D667C1E5}.Release|Any CPU.Build.0 = Release|Any CPU
		{32F55E05-8C27-4AA8-9378-D2C3BB356871}.Debug|Any CPU.ActiveCfg = Debug|Any CPU
		{32F55E05-8C27-4AA8-9378-D2C3BB356871}.Debug|Any CPU.Build.0 = Debug|Any CPU
		{32F55E05-8C27-4AA8-9378-D2C3BB356871}.Release|Any CPU.ActiveCfg = Release|Any CPU
		{32F55E05-8C27-4AA8-9378-D2C3BB356871}.Release|Any CPU.Build.0 = Release|Any CPU
	EndGlobalSection
	GlobalSection(SolutionProperties) = preSolution
		HideSolutionNode = FALSE
	EndGlobalSection
	GlobalSection(NestedProjects) = preSolution
		{3DC8A488-85EF-47AE-9EAE-94F6A5C4F5AD} = {02EA681E-C7D8-13C7-8484-4AC65E1B71E8}
		{7A972DC4-4646-4574-93AE-340334F2818F} = {02EA681E-C7D8-13C7-8484-4AC65E1B71E8}
		{93820CE8-EA69-4987-A518-94860A29EF1D} = {3DC8A488-85EF-47AE-9EAE-94F6A5C4F5AD}
		{1D7F3022-7D36-4896-9E36-D581D9488D10} = {3DC8A488-85EF-47AE-9EAE-94F6A5C4F5AD}
		{2B9499A2-B754-46DA-A05A-0A6778ED0872} = {7A972DC4-4646-4574-93AE-340334F2818F}
		{AFC51FCA-FFD9-4213-9D50-FD19D667C1E5} = {7A972DC4-4646-4574-93AE-340334F2818F}
		{32F55E05-8C27-4AA8-9378-D2C3BB356871} = {10F9777C-D964-45A7-AF23-00B5EE26DF32}
	EndGlobalSection
	GlobalSection(ExtensibilityGlobals) = postSolution
		SolutionGuid = {6875244D-2DB1-499C-B93F-D04F103A6611}
	EndGlobalSection
EndGlobal
